PODS:
  - audio_service (0.14.1):
    - FlutterMacOS
  - audio_session (0.0.1):
    - FlutterMacOS
  - device_info_plus (0.0.1):
    - FlutterMacOS
  - file_selector_macos (0.0.1):
    - FlutterMacOS
  - FlutterMacOS (1.0.0)
  - FMDB (2.7.5):
    - FMDB/standard (= 2.7.5)
  - FMDB/standard (2.7.5)
  - just_audio (0.0.1):
    - FlutterMacOS
  - package_info_plus (0.0.1):
    - FlutterMacOS
  - path_provider_foundation (0.0.1):
    - Flutter
    - FlutterMacOS
  - screen_brightness_macos (0.1.0):
    - FlutterMacOS
  - shared_preferences_foundation (0.0.1):
    - Flutter
    - FlutterMacOS
  - sqflite (0.0.2):
    - FlutterMacOS
    - FMDB (>= 2.7.5)
  - url_launcher_macos (0.0.1):
    - FlutterMacOS
  - wakelock_macos (0.0.1):
    - FlutterMacOS

DEPENDENCIES:
  - audio_service (from `Flutter/ephemeral/.symlinks/plugins/audio_service/macos`)
  - audio_session (from `Flutter/ephemeral/.symlinks/plugins/audio_session/macos`)
  - device_info_plus (from `Flutter/ephemeral/.symlinks/plugins/device_info_plus/macos`)
  - file_selector_macos (from `Flutter/ephemeral/.symlinks/plugins/file_selector_macos/macos`)
  - FlutterMacOS (from `Flutter/ephemeral`)
  - just_audio (from `Flutter/ephemeral/.symlinks/plugins/just_audio/macos`)
  - package_info_plus (from `Flutter/ephemeral/.symlinks/plugins/package_info_plus/macos`)
  - path_provider_foundation (from `Flutter/ephemeral/.symlinks/plugins/path_provider_foundation/darwin`)
  - screen_brightness_macos (from `Flutter/ephemeral/.symlinks/plugins/screen_brightness_macos/macos`)
  - shared_preferences_foundation (from `Flutter/ephemeral/.symlinks/plugins/shared_preferences_foundation/darwin`)
  - sqflite (from `Flutter/ephemeral/.symlinks/plugins/sqflite/macos`)
  - url_launcher_macos (from `Flutter/ephemeral/.symlinks/plugins/url_launcher_macos/macos`)
  - wakelock_macos (from `Flutter/ephemeral/.symlinks/plugins/wakelock_macos/macos`)

SPEC REPOS:
  trunk:
    - FMDB

EXTERNAL SOURCES:
  audio_service:
    :path: Flutter/ephemeral/.symlinks/plugins/audio_service/macos
  audio_session:
    :path: Flutter/ephemeral/.symlinks/plugins/audio_session/macos
  device_info_plus:
    :path: Flutter/ephemeral/.symlinks/plugins/device_info_plus/macos
  file_selector_macos:
    :path: Flutter/ephemeral/.symlinks/plugins/file_selector_macos/macos
  FlutterMacOS:
    :path: Flutter/ephemeral
  just_audio:
    :path: Flutter/ephemeral/.symlinks/plugins/just_audio/macos
  package_info_plus:
    :path: Flutter/ephemeral/.symlinks/plugins/package_info_plus/macos
  path_provider_foundation:
    :path: Flutter/ephemeral/.symlinks/plugins/path_provider_foundation/darwin
  screen_brightness_macos:
    :path: Flutter/ephemeral/.symlinks/plugins/screen_brightness_macos/macos
  shared_preferences_foundation:
    :path: Flutter/ephemeral/.symlinks/plugins/shared_preferences_foundation/darwin
  sqflite:
    :path: Flutter/ephemeral/.symlinks/plugins/sqflite/macos
  url_launcher_macos:
    :path: Flutter/ephemeral/.symlinks/plugins/url_launcher_macos/macos
  wakelock_macos:
    :path: Flutter/ephemeral/.symlinks/plugins/wakelock_macos/macos

SPEC CHECKSUMS:
  audio_service: b88ff778e0e3915efd4cd1a5ad6f0beef0c950a9
  audio_session: dea1f41890dbf1718f04a56f1d6150fd50039b72
  device_info_plus: 5401765fde0b8d062a2f8eb65510fb17e77cf07f
  file_selector_macos: 468fb6b81fac7c0e88d71317f3eec34c3b008ff9
  FlutterMacOS: 8f6f14fa908a6fb3fba0cd85dbd81ec4b251fb24
  FMDB: 2ce00b547f966261cd18927a3ddb07cb6f3db82a
  just_audio: 9b67ca7b97c61cfc9784ea23cd8cc55eb226d489
  package_info_plus: 02d7a575e80f194102bef286361c6c326e4c29ce
  path_provider_foundation: eaf5b3e458fc0e5fbb9940fb09980e853fe058b8
  screen_brightness_macos: 2d6d3af2165592d9a55ffcd95b7550970e41ebda
  shared_preferences_foundation: 5b919d13b803cadd15ed2dc053125c68730e5126
  sqflite: a5789cceda41d54d23f31d6de539d65bb14100ea
  url_launcher_macos: 5335912b679c073563f29d89d33d10d459f95451
  wakelock_macos: bc3f2a9bd8d2e6c89fee1e1822e7ddac3bd004a9

PODFILE CHECKSUM: 353c8bcc5d5b0994e508d035b5431cfe18c1dea7

COCOAPODS: 1.12.1
